
Microsoft Visual Studio Solution File, Format Version 12.00
# Visual Studio Version 16
VisualStudioVersion = 16.0.34301.259
MinimumVisualStudioVersion = 10.0.40219.1
Project("{8BC9CEB8-8B4A-11D0-8D11-00A0C91BC942}") = "auto-offsets", "auto-offsets\auto-offsets.vcxproj", "{ED69F086-3F86-4CBC-89E4-E82CD1BBF50A}"
EndProject
Global
	GlobalSection(SolutionConfigurationPlatforms) = preSolution
		Debug|x64 = Debug|x64
		Debug|x86 = Debug|x86
		Release|x64 = Release|x64
		Release|x86 = Release|x86
	EndGlobalSection
	GlobalSection(ProjectConfigurationPlatforms) = postSolution
		{ED69F086-3F86-4CBC-89E4-E82CD1BBF50A}.Debug|x64.ActiveCfg = Debug|x64
		{ED69F086-3F86-4CBC-89E4-E82CD1BBF50A}.Debug|x64.Build.0 = Debug|x64
		{ED69F086-3F86-4CBC-89E4-E82CD1BBF50A}.Debug|x86.ActiveCfg = Debug|Win32
		{ED69F086-3F86-4CBC-89E4-E82CD1BBF50A}.Debug|x86.Build.0 = Debug|Win32
		{ED69F086-3F86-4CBC-89E4-E82CD1BBF50A}.Release|x64.ActiveCfg = Release|x64
		{ED69F086-3F86-4CBC-89E4-E82CD1BBF50A}.Release|x64.Build.0 = Release|x64
		{ED69F086-3F86-4CBC-89E4-E82CD1BBF50A}.Release|x86.ActiveCfg = Release|Win32
		{ED69F086-3F86-4CBC-89E4-E82CD1BBF50A}.Release|x86.Build.0 = Release|Win32
	EndGlobalSection
	GlobalSection(SolutionProperties) = preSolution
		HideSolutionNode = FALSE
	EndGlobalSection
	GlobalSection(ExtensibilityGlobals) = postSolution
		SolutionGuid = {DFFE9FB2-909E-43BF-B64B-78F4112754B2}
	EndGlobalSection
EndGlobal
